Microsoft Visual Studio Solution File, Format Version 11.00
# Visual Studio 2008

Project("{9B4A65AE-21FF-BAE7-2F4F-41548D071BB0}") = "TP2", "Assembly-CSharp.csproj", "{4C14DD74-C7A9-5BA5-F31A-8DB8DE273B2E}"
EndProject
Global
	GlobalSection(SolutionConfigurationPlatforms) = preSolution
		Debug|Any CPU = Debug|Any CPU
		Release|Any CPU = Release|Any CPU
	EndGlobalSection
	GlobalSection(ProjectConfigurationPlatforms) = postSolution
		{4C14DD74-C7A9-5BA5-F31A-8DB8DE273B2E}.Debug|Any CPU.ActiveCfg = Debug|Any CPU
		{4C14DD74-C7A9-5BA5-F31A-8DB8DE273B2E}.Debug|Any CPU.Build.0 = Debug|Any CPU
		{4C14DD74-C7A9-5BA5-F31A-8DB8DE273B2E}.Release|Any CPU.ActiveCfg = Release|Any CPU
		{4C14DD74-C7A9-5BA5-F31A-8DB8DE273B2E}.Release|Any CPU.Build.0 = Release|Any CPU
	EndGlobalSection
	GlobalSection(SolutionProperties) = preSolution
		HideSolutionNode = FALSE
	EndGlobalSection
		GlobalSection(MonoDevelopProperties) = preSolution
		StartupItem = Assembly-CSharp.csproj
		Policies = $0
		$0.TextStylePolicy = $1
		$1.inheritsSet = null
		$1.scope = text/x-csharp
		$0.CSharpFormattingPolicy = $2
		$2.inheritsSet = Mono
		$2.inheritsScope = text/x-csharp
		$2.scope = text/x-csharp
		$0.TextStylePolicy = $3
		$3.FileWidth = 120
		$3.TabWidth = 4
		$3.EolMarker = Unix
		$3.inheritsSet = Mono
		$3.inheritsScope = text/plain
		$3.scope = text/plain
	EndGlobalSection

EndGlobal
