<?xml version="1.0" encoding="utf-8"?>
<Project ToolsVersion="4.0" xmlns="http://schemas.microsoft.com/developer/msbuild/2003">
  <ItemGroup>
    <Filter Include="Source Files">
      <UniqueIdentifier>{4FC737F1-C7A5-4376-A066-2A32D752A2FF}</UniqueIdentifier>
      <Extensions>cpp;c;cc;cxx;def;odl;idl;hpj;bat;asm;asmx</Extensions>
    </Filter>
    <Filter Include="Header Files">
      <UniqueIdentifier>{bdabcb5d-2786-4a52-b1d6-f0075e7c9cea}</UniqueIdentifier>
    </Filter>
  </ItemGroup>
  <ItemGroup>
    <ClInclude Include="..\uglyfont.h">
      <Filter>Header Files</Filter>
    </ClInclude>
    <ClInclude Include="..\Teclado.h">
      <Filter>Header Files</Filter>
    </ClInclude>
    <ClInclude Include="..\Avion.h">
      <Filter>Header Files</Filter>
    </ClInclude>
    <ClInclude Include="..\Helper.h">
      <Filter>Header Files</Filter>
    </ClInclude>
    <ClInclude Include="..\Tanque.h">
      <Filter>Header Files</Filter>
    </ClInclude>
    <ClInclude Include="..\ManagerTexture.h">
      <Filter>Header Files</Filter>
    </ClInclude>
    <ClInclude Include="..\EfectoParticulas.h">
      <Filter>Header Files</Filter>
    </ClInclude>
    <ClInclude Include="..\Particula.h">
      <Filter>Header Files</Filter>
    </ClInclude>
    <ClInclude Include="..\CurvaBezier.h">
      <Filter>Header Files</Filter>
    </ClInclude>
  </ItemGroup>
  <ItemGroup>
    <ClCompile Include="..\intro.cpp">
      <Filter>Source Files</Filter>
    </ClCompile>
    <ClCompile Include="..\uglyfont.cpp">
      <Filter>Source Files</Filter>
    </ClCompile>
    <ClCompile Include="..\Teclado.cpp">
      <Filter>Source Files</Filter>
    </ClCompile>
    <ClCompile Include="..\Avion.cpp">
      <Filter>Source Files</Filter>
    </ClCompile>
    <ClCompile Include="..\Tanque.cpp">
      <Filter>Source Files</Filter>
    </ClCompile>
    <ClCompile Include="..\ManagerTexture.cpp">
      <Filter>Source Files</Filter>
    </ClCompile>
    <ClCompile Include="..\EfectoParticulas.cpp">
      <Filter>Source Files</Filter>
    </ClCompile>
    <ClCompile Include="..\Particula.cpp">
      <Filter>Source Files</Filter>
    </ClCompile>
    <ClCompile Include="..\CurvaBezier.cpp">
      <Filter>Source Files</Filter>
    </ClCompile>
  </ItemGroup>
  <ItemGroup>
    <None Include="Notas.txt" />
  </ItemGroup>
</Project>